
Microsoft Visual Studio Solution File, Format Version 12.00
# Visual Studio Version 17
VisualStudioVersion = 17.5.002.0
MinimumVisualStudioVersion = 10.0.40219.1
Project("{9A19103F-16F7-4668-BE54-9A1E7A4F7556}") = "KeyWalkAnalyzer", "KeyWalkAnalyzer.csproj", "{FB791EA9-CC19-4425-A730-18CD51B587BE}"
EndProject
Global
	GlobalSection(SolutionConfigurationPlatforms) = preSolution
		Debug|Any CPU = Debug|Any CPU
		Release|Any CPU = Release|Any CPU
	EndGlobalSection
	GlobalSection(ProjectConfigurationPlatforms) = postSolution
		{FB791EA9-CC19-4425-A730-18CD51B587BE}.Debug|Any CPU.ActiveCfg = Debug|Any CPU
		{FB791EA9-CC19-4425-A730-18CD51B587BE}.Debug|Any CPU.Build.0 = Debug|Any CPU
		{FB791EA9-CC19-4425-A730-18CD51B587BE}.Release|Any CPU.ActiveCfg = Release|Any CPU
		{FB791EA9-CC19-4425-A730-18CD51B587BE}.Release|Any CPU.Build.0 = Release|Any CPU
	EndGlobalSection
	GlobalSection(SolutionProperties) = preSolution
		HideSolutionNode = FALSE
	EndGlobalSection
	GlobalSection(ExtensibilityGlobals) = postSolution
		SolutionGuid = {53AA81AD-D815-4AEB-856E-F90536062340}
	EndGlobalSection
EndGlobal
